
Microsoft Visual Studio Solution File, Format Version 12.00
# Visual Studio Version 17
VisualStudioVersion = 17.0.31903.59
MinimumVisualStudioVersion = 10.0.40219.1
Project("{8BC9CEB8-8B4A-11D0-8D11-00A0C91BC942}") = "Day 1", "Day 1\Day 1.vcxproj", "{6E1AC579-C429-4FCC-9F5F-AE362EF439D0}"
EndProject
Project("{8BC9CEB8-8B4A-11D0-8D11-00A0C91BC942}") = "Day 2", "Day 2\Day 2.vcxproj", "{C451B6C6-370C-4847-89AF-754EC2179F3E}"
EndProject
Project("{8BC9CEB8-8B4A-11D0-8D11-00A0C91BC942}") = "Day 3", "Day 3\Day 3.vcxproj", "{6E35DA7B-2D30-48B9-AFA9-2BFAC30EA921}"
EndProject
Project("{8BC9CEB8-8B4A-11D0-8D11-00A0C91BC942}") = "Day 4", "Day 4\Day 4.vcxproj", "{DC61E936-82A0-4F04-8BBC-D6262F956121}"
EndProject
Project("{8BC9CEB8-8B4A-11D0-8D11-00A0C91BC942}") = "Day 5", "Day 5\Day 5.vcxproj", "{4875BA92-CE3F-4B88-9871-802B29B3A2E9}"
EndProject
Project("{8BC9CEB8-8B4A-11D0-8D11-00A0C91BC942}") = "Day 6", "Day 6\Day 6.vcxproj", "{C1584DFB-26E4-4ECA-AC14-E174B2AED2E7}"
EndProject
Project("{8BC9CEB8-8B4A-11D0-8D11-00A0C91BC942}") = "Day 7", "Day 7\Day 7.vcxproj", "{53112995-EF98-4C77-845F-E9106FE7DD81}"
EndProject
Project("{8BC9CEB8-8B4A-11D0-8D11-00A0C91BC942}") = "Day 8", "Day 8\Day 8.vcxproj", "{B5195C52-BCB4-4653-9983-88A5037B896C}"
EndProject
Project("{8BC9CEB8-8B4A-11D0-8D11-00A0C91BC942}") = "Day 9", "Day 9\Day 9.vcxproj", "{F6F60293-4364-4668-9D45-6CF1588E555A}"
EndProject
Project("{8BC9CEB8-8B4A-11D0-8D11-00A0C91BC942}") = "Day 10", "Day 10\Day 10.vcxproj", "{7A9E3513-5830-4167-9126-7C632CFCB70D}"
EndProject
Project("{8BC9CEB8-8B4A-11D0-8D11-00A0C91BC942}") = "Day 11", "Day 11\Day 11.vcxproj", "{2D0148A8-74AB-4EE7-A923-263177B1028F}"
EndProject
Project("{8BC9CEB8-8B4A-11D0-8D11-00A0C91BC942}") = "Day 12", "Day 12\Day 12.vcxproj", "{E32A1C15-696A-444B-ADD9-874EE18E9F07}"
EndProject
Global
	GlobalSection(SolutionConfigurationPlatforms) = preSolution
		Debug|x64 = Debug|x64
		Debug|x86 = Debug|x86
		Release|x64 = Release|x64
		Release|x86 = Release|x86
	EndGlobalSection
	GlobalSection(ProjectConfigurationPlatforms) = postSolution
		{6E1AC579-C429-4FCC-9F5F-AE362EF439D0}.Debug|x64.ActiveCfg = Debug|x64
		{6E1AC579-C429-4FCC-9F5F-AE362EF439D0}.Debug|x64.Build.0 = Debug|x64
		{6E1AC579-C429-4FCC-9F5F-AE362EF439D0}.Debug|x86.ActiveCfg = Debug|Win32
		{6E1AC579-C429-4FCC-9F5F-AE362EF439D0}.Debug|x86.Build.0 = Debug|Win32
		{6E1AC579-C429-4FCC-9F5F-AE362EF439D0}.Release|x64.ActiveCfg = Release|x64
		{6E1AC579-C429-4FCC-9F5F-AE362EF439D0}.Release|x64.Build.0 = Release|x64
		{6E1AC579-C429-4FCC-9F5F-AE362EF439D0}.Release|x86.ActiveCfg = Release|Win32
		{6E1AC579-C429-4FCC-9F5F-AE362EF439D0}.Release|x86.Build.0 = Release|Win32
		{C451B6C6-370C-4847-89AF-754EC2179F3E}.Debug|x64.ActiveCfg = Debug|x64
		{C451B6C6-370C-4847-89AF-754EC2179F3E}.Debug|x64.Build.0 = Debug|x64
		{C451B6C6-370C-4847-89AF-754EC2179F3E}.Debug|x86.ActiveCfg = Debug|Win32
		{C451B6C6-370C-4847-89AF-754EC2179F3E}.Debug|x86.Build.0 = Debug|Win32
		{C451B6C6-370C-4847-89AF-754EC2179F3E}.Release|x64.ActiveCfg = Release|x64
		{C451B6C6-370C-4847-89AF-754EC2179F3E}.Release|x64.Build.0 = Release|x64
		{C451B6C6-370C-4847-89AF-754EC2179F3E}.Release|x86.ActiveCfg = Release|Win32
		{C451B6C6-370C-4847-89AF-754EC2179F3E}.Release|x86.Build.0 = Release|Win32
		{6E35DA7B-2D30-48B9-AFA9-2BFAC30EA921}.Debug|x64.ActiveCfg = Debug|x64
		{6E35DA7B-2D30-48B9-AFA9-2BFAC30EA921}.Debug|x64.Build.0 = Debug|x64
		{6E35DA7B-2D30-48B9-AFA9-2BFAC30EA921}.Debug|x86.ActiveCfg = Debug|Win32
		{6E35DA7B-2D30-48B9-AFA9-2BFAC30EA921}.Debug|x86.Build.0 = Debug|Win32
		{6E35DA7B-2D30-48B9-AFA9-2BFAC30EA921}.Release|x64.ActiveCfg = Release|x64
		{6E35DA7B-2D30-48B9-AFA9-2BFAC30EA921}.Release|x64.Build.0 = Release|x64
		{6E35DA7B-2D30-48B9-AFA9-2BFAC30EA921}.Release|x86.ActiveCfg = Release|Win32
		{6E35DA7B-2D30-48B9-AFA9-2BFAC30EA921}.Release|x86.Build.0 = Release|Win32
		{DC61E936-82A0-4F04-8BBC-D6262F956121}.Debug|x64.ActiveCfg = Debug|x64
		{DC61E936-82A0-4F04-8BBC-D6262F956121}.Debug|x64.Build.0 = Debug|x64
		{DC61E936-82A0-4F04-8BBC-D6262F956121}.Debug|x86.ActiveCfg = Debug|Win32
		{DC61E936-82A0-4F04-8BBC-D6262F956121}.Debug|x86.Build.0 = Debug|Win32
		{DC61E936-82A0-4F04-8BBC-D6262F956121}.Release|x64.ActiveCfg = Release|x64
		{DC61E936-82A0-4F04-8BBC-D6262F956121}.Release|x64.Build.0 = Release|x64
		{DC61E936-82A0-4F04-8BBC-D6262F956121}.Release|x86.ActiveCfg = Release|Win32
		{DC61E936-82A0-4F04-8BBC-D6262F956121}.Release|x86.Build.0 = Release|Win32
		{4875BA92-CE3F-4B88-9871-802B29B3A2E9}.Debug|x64.ActiveCfg = Debug|x64
		{4875BA92-CE3F-4B88-9871-802B29B3A2E9}.Debug|x64.Build.0 = Debug|x64
		{4875BA92-CE3F-4B88-9871-802B29B3A2E9}.Debug|x86.ActiveCfg = Debug|Win32
		{4875BA92-CE3F-4B88-9871-802B29B3A2E9}.Debug|x86.Build.0 = Debug|Win32
		{4875BA92-CE3F-4B88-9871-802B29B3A2E9}.Release|x64.ActiveCfg = Release|x64
		{4875BA92-CE3F-4B88-9871-802B29B3A2E9}.Release|x64.Build.0 = Release|x64
		{4875BA92-CE3F-4B88-9871-802B29B3A2E9}.Release|x86.ActiveCfg = Release|Win32
		{4875BA92-CE3F-4B88-9871-802B29B3A2E9}.Release|x86.Build.0 = Release|Win32
		{C1584DFB-26E4-4ECA-AC14-E174B2AED2E7}.Debug|x64.ActiveCfg = Debug|x64
		{C1584DFB-26E4-4ECA-AC14-E174B2AED2E7}.Debug|x64.Build.0 = Debug|x64
		{C1584DFB-26E4-4ECA-AC14-E174B2AED2E7}.Debug|x86.ActiveCfg = Debug|Win32
		{C1584DFB-26E4-4ECA-AC14-E174B2AED2E7}.Debug|x86.Build.0 = Debug|Win32
		{C1584DFB-26E4-4ECA-AC14-E174B2AED2E7}.Release|x64.ActiveCfg = Release|x64
		{C1584DFB-26E4-4ECA-AC14-E174B2AED2E7}.Release|x64.Build.0 = Release|x64
		{C1584DFB-26E4-4ECA-AC14-E174B2AED2E7}.Release|x86.ActiveCfg = Release|Win32
		{C1584DFB-26E4-4ECA-AC14-E174B2AED2E7}.Release|x86.Build.0 = Release|Win32
		{53112995-EF98-4C77-845F-E9106FE7DD81}.Debug|x64.ActiveCfg = Debug|x64
		{53112995-EF98-4C77-845F-E9106FE7DD81}.Debug|x64.Build.0 = Debug|x64
		{53112995-EF98-4C77-845F-E9106FE7DD81}.Debug|x86.ActiveCfg = Debug|Win32
		{53112995-EF98-4C77-845F-E9106FE7DD81}.Debug|x86.Build.0 = Debug|Win32
		{53112995-EF98-4C77-845F-E9106FE7DD81}.Release|x64.ActiveCfg = Release|x64
		{53112995-EF98-4C77-845F-E9106FE7DD81}.Release|x64.Build.0 = Release|x64
		{53112995-EF98-4C77-845F-E9106FE7DD81}.Release|x86.ActiveCfg = Release|Win32
		{53112995-EF98-4C77-845F-E9106FE7DD81}.Release|x86.Build.0 = Release|Win32
		{B5195C52-BCB4-4653-9983-88A5037B896C}.Debug|x64.ActiveCfg = Debug|x64
		{B5195C52-BCB4-4653-9983-88A5037B896C}.Debug|x64.Build.0 = Debug|x64
		{B5195C52-BCB4-4653-9983-88A5037B896C}.Debug|x86.ActiveCfg = Debug|Win32
		{B5195C52-BCB4-4653-9983-88A5037B896C}.Debug|x86.Build.0 = Debug|Win32
		{B5195C52-BCB4-4653-9983-88A5037B896C}.Release|x64.ActiveCfg = Release|x64
		{B5195C52-BCB4-4653-9983-88A5037B896C}.Release|x64.Build.0 = Release|x64
		{B5195C52-BCB4-4653-9983-88A5037B896C}.Release|x86.ActiveCfg = Release|Win32
		{B5195C52-BCB4-4653-9983-88A5037B896C}.Release|x86.Build.0 = Release|Win32
		{F6F60293-4364-4668-9D45-6CF1588E555A}.Debug|x64.ActiveCfg = Debug|x64
		{F6F60293-4364-4668-9D45-6CF1588E555A}.Debug|x64.Build.0 = Debug|x64
		{F6F60293-4364-4668-9D45-6CF1588E555A}.Debug|x86.ActiveCfg = Debug|Win32
		{F6F60293-4364-4668-9D45-6CF1588E555A}.Debug|x86.Build.0 = Debug|Win32
		{F6F60293-4364-4668-9D45-6CF1588E555A}.Release|x64.ActiveCfg = Release|x64
		{F6F60293-4364-4668-9D45-6CF1588E555A}.Release|x64.Build.0 = Release|x64
		{F6F60293-4364-4668-9D45-6CF1588E555A}.Release|x86.ActiveCfg = Release|Win32
		{F6F60293-4364-4668-9D45-6CF1588E555A}.Release|x86.Build.0 = Release|Win32
		{7A9E3513-5830-4167-9126-7C632CFCB70D}.Debug|x64.ActiveCfg = Debug|x64
		{7A9E3513-5830-4167-9126-7C632CFCB70D}.Debug|x64.Build.0 = Debug|x64
		{7A9E3513-5830-4167-9126-7C632CFCB70D}.Debug|x86.ActiveCfg = Debug|Win32
		{7A9E3513-5830-4167-9126-7C632CFCB70D}.Debug|x86.Build.0 = Debug|Win32
		{7A9E3513-5830-4167-9126-7C632CFCB70D}.Release|x64.ActiveCfg = Release|x64
		{7A9E3513-5830-4167-9126-7C632CFCB70D}.Release|x64.Build.0 = Release|x64
		{7A9E3513-5830-4167-9126-7C632CFCB70D}.Release|x86.ActiveCfg = Release|Win32
		{7A9E3513-5830-4167-9126-7C632CFCB70D}.Release|x86.Build.0 = Release|Win32
		{2D0148A8-74AB-4EE7-A923-263177B1028F}.Debug|x64.ActiveCfg = Debug|x64
		{2D0148A8-74AB-4EE7-A923-263177B1028F}.Debug|x64.Build.0 = Debug|x64
		{2D0148A8-74AB-4EE7-A923-263177B1028F}.Debug|x86.ActiveCfg = Debug|Win32
		{2D0148A8-74AB-4EE7-A923-263177B1028F}.Debug|x86.Build.0 = Debug|Win32
		{2D0148A8-74AB-4EE7-A923-263177B1028F}.Release|x64.ActiveCfg = Release|x64
		{2D0148A8-74AB-4EE7-A923-263177B1028F}.Release|x64.Build.0 = Release|x64
		{2D0148A8-74AB-4EE7-A923-263177B1028F}.Release|x86.ActiveCfg = Release|Win32
		{2D0148A8-74AB-4EE7-A923-263177B1028F}.Release|x86.Build.0 = Release|Win32
		{E32A1C15-696A-444B-ADD9-874EE18E9F07}.Debug|x64.ActiveCfg = Debug|x64
		{E32A1C15-696A-444B-ADD9-874EE18E9F07}.Debug|x64.Build.0 = Debug|x64
		{E32A1C15-696A-444B-ADD9-874EE18E9F07}.Debug|x86.ActiveCfg = Debug|Win32
		{E32A1C15-696A-444B-ADD9-874EE18E9F07}.Debug|x86.Build.0 = Debug|Win32
		{E32A1C15-696A-444B-ADD9-874EE18E9F07}.Release|x64.ActiveCfg = Release|x64
		{E32A1C15-696A-444B-ADD9-874EE18E9F07}.Release|x64.Build.0 = Release|x64
		{E32A1C15-696A-444B-ADD9-874EE18E9F07}.Release|x86.ActiveCfg = Release|Win32
		{E32A1C15-696A-444B-ADD9-874EE18E9F07}.Release|x86.Build.0 = Release|Win32
	EndGlobalSection
	GlobalSection(SolutionProperties) = preSolution
		HideSolutionNode = FALSE
	EndGlobalSection
	GlobalSection(ExtensibilityGlobals) = postSolution
		SolutionGuid = {4C3DA200-0688-47B6-97BA-47B87C262767}
	EndGlobalSection
EndGlobal
